
Microsoft Visual Studio Solution File, Format Version 12.00
# Visual Studio Version 17
VisualStudioVersion = 17.12.35707.178
MinimumVisualStudioVersion = 10.0.40219.1
Project("{8BC9CEB8-8B4A-11D0-8D11-00A0C91BC942}") = "STSC", "STSC_lib\STSC_lib.vcxproj", "{078D5289-B1B0-4FD1-9E9A-9E68FD6712BB}"
EndProject
Project("{8BC9CEB8-8B4A-11D0-8D11-00A0C91BC942}") = "STSC_gen", "STSC_gen\STSC_gen.vcxproj", "{24A171A8-5CC2-4363-8D0E-9FE42BECA672}"
EndProject
Project("{888888A0-9F3D-457C-B088-3A5042F75D52}") = "STSC_LUT", "STSC_LUT\STSC_LUT.pyproj", "{A4177E5B-C1FD-4BCE-9B62-24560DE38F52}"
EndProject
Global
	GlobalSection(SolutionConfigurationPlatforms) = preSolution
		Debug|Any CPU = Debug|Any CPU
		Debug|x64 = Debug|x64
		Debug|x86 = Debug|x86
		Release|Any CPU = Release|Any CPU
		Release|x64 = Release|x64
		Release|x86 = Release|x86
	EndGlobalSection
	GlobalSection(ProjectConfigurationPlatforms) = postSolution
		{078D5289-B1B0-4FD1-9E9A-9E68FD6712BB}.Debug|Any CPU.ActiveCfg = Debug|x64
		{078D5289-B1B0-4FD1-9E9A-9E68FD6712BB}.Debug|Any CPU.Build.0 = Debug|x64
		{078D5289-B1B0-4FD1-9E9A-9E68FD6712BB}.Debug|x64.ActiveCfg = Debug|x64
		{078D5289-B1B0-4FD1-9E9A-9E68FD6712BB}.Debug|x64.Build.0 = Debug|x64
		{078D5289-B1B0-4FD1-9E9A-9E68FD6712BB}.Debug|x86.ActiveCfg = Debug|Win32
		{078D5289-B1B0-4FD1-9E9A-9E68FD6712BB}.Debug|x86.Build.0 = Debug|Win32
		{078D5289-B1B0-4FD1-9E9A-9E68FD6712BB}.Release|Any CPU.ActiveCfg = Release|x64
		{078D5289-B1B0-4FD1-9E9A-9E68FD6712BB}.Release|Any CPU.Build.0 = Release|x64
		{078D5289-B1B0-4FD1-9E9A-9E68FD6712BB}.Release|x64.ActiveCfg = Release|x64
		{078D5289-B1B0-4FD1-9E9A-9E68FD6712BB}.Release|x64.Build.0 = Release|x64
		{078D5289-B1B0-4FD1-9E9A-9E68FD6712BB}.Release|x86.ActiveCfg = Release|Win32
		{078D5289-B1B0-4FD1-9E9A-9E68FD6712BB}.Release|x86.Build.0 = Release|Win32
		{24A171A8-5CC2-4363-8D0E-9FE42BECA672}.Debug|Any CPU.ActiveCfg = Debug|x64
		{24A171A8-5CC2-4363-8D0E-9FE42BECA672}.Debug|Any CPU.Build.0 = Debug|x64
		{24A171A8-5CC2-4363-8D0E-9FE42BECA672}.Debug|x64.ActiveCfg = Debug|x64
		{24A171A8-5CC2-4363-8D0E-9FE42BECA672}.Debug|x64.Build.0 = Debug|x64
		{24A171A8-5CC2-4363-8D0E-9FE42BECA672}.Debug|x86.ActiveCfg = Debug|Win32
		{24A171A8-5CC2-4363-8D0E-9FE42BECA672}.Debug|x86.Build.0 = Debug|Win32
		{24A171A8-5CC2-4363-8D0E-9FE42BECA672}.Release|Any CPU.ActiveCfg = Release|x64
		{24A171A8-5CC2-4363-8D0E-9FE42BECA672}.Release|Any CPU.Build.0 = Release|x64
		{24A171A8-5CC2-4363-8D0E-9FE42BECA672}.Release|x64.ActiveCfg = Release|x64
		{24A171A8-5CC2-4363-8D0E-9FE42BECA672}.Release|x64.Build.0 = Release|x64
		{24A171A8-5CC2-4363-8D0E-9FE42BECA672}.Release|x86.ActiveCfg = Release|Win32
		{24A171A8-5CC2-4363-8D0E-9FE42BECA672}.Release|x86.Build.0 = Release|Win32
		{A4177E5B-C1FD-4BCE-9B62-24560DE38F52}.Debug|Any CPU.ActiveCfg = Debug|Any CPU
		{A4177E5B-C1FD-4BCE-9B62-24560DE38F52}.Debug|x64.ActiveCfg = Debug|Any CPU
		{A4177E5B-C1FD-4BCE-9B62-24560DE38F52}.Debug|x86.ActiveCfg = Debug|Any CPU
		{A4177E5B-C1FD-4BCE-9B62-24560DE38F52}.Release|Any CPU.ActiveCfg = Release|Any CPU
		{A4177E5B-C1FD-4BCE-9B62-24560DE38F52}.Release|x64.ActiveCfg = Release|Any CPU
		{A4177E5B-C1FD-4BCE-9B62-24560DE38F52}.Release|x86.ActiveCfg = Release|Any CPU
	EndGlobalSection
	GlobalSection(SolutionProperties) = preSolution
		HideSolutionNode = FALSE
	EndGlobalSection
EndGlobal
